
Microsoft Visual Studio Solution File, Format Version 12.00
# Visual Studio Version 17
VisualStudioVersion = 17.6.33815.320
MinimumVisualStudioVersion = 10.0.40219.1
Project("{9A19103F-16F7-4668-BE54-9A1E7A4F7556}") = "Crypto.Lib", "Crypto.Lib\Crypto.Lib.csproj", "{AD1A045A-7545-4269-8F9C-68CD7A78EFBA}"
EndProject
Project("{FAE04EC0-301F-11D3-BF4B-00C04F79EFBC}") = "Crypto.LibTests", "Crypto.LibTests\Crypto.LibTests.csproj", "{FC98029C-AF1B-4BE9-A79B-B6394690F402}"
EndProject
Global
	GlobalSection(SolutionConfigurationPlatforms) = preSolution
		Debug|Any CPU = Debug|Any CPU
		Release|Any CPU = Release|Any CPU
	EndGlobalSection
	GlobalSection(ProjectConfigurationPlatforms) = postSolution
		{AD1A045A-7545-4269-8F9C-68CD7A78EFBA}.Debug|Any CPU.ActiveCfg = Debug|Any CPU
		{AD1A045A-7545-4269-8F9C-68CD7A78EFBA}.Debug|Any CPU.Build.0 = Debug|Any CPU
		{AD1A045A-7545-4269-8F9C-68CD7A78EFBA}.Release|Any CPU.ActiveCfg = Release|Any CPU
		{AD1A045A-7545-4269-8F9C-68CD7A78EFBA}.Release|Any CPU.Build.0 = Release|Any CPU
		{FC98029C-AF1B-4BE9-A79B-B6394690F402}.Debug|Any CPU.ActiveCfg = Debug|Any CPU
		{FC98029C-AF1B-4BE9-A79B-B6394690F402}.Debug|Any CPU.Build.0 = Debug|Any CPU
		{FC98029C-AF1B-4BE9-A79B-B6394690F402}.Release|Any CPU.ActiveCfg = Release|Any CPU
		{FC98029C-AF1B-4BE9-A79B-B6394690F402}.Release|Any CPU.Build.0 = Release|Any CPU
	EndGlobalSection
	GlobalSection(SolutionProperties) = preSolution
		HideSolutionNode = FALSE
	EndGlobalSection
	GlobalSection(ExtensibilityGlobals) = postSolution
		SolutionGuid = {0F92395E-0B7B-4E15-998A-F743356A8C9E}
	EndGlobalSection
EndGlobal
